<?xml version="1.0" encoding="utf-8"?>
<Project ToolsVersion="4.0" xmlns="http://schemas.microsoft.com/developer/msbuild/2003">
  <ItemGroup>
    <Filter Include="Source Files">
      <UniqueIdentifier>{4FC737F1-C7A5-4376-A066-2A32D752A2FF}</UniqueIdentifier>
      <Extensions>cpp;c;cc;cxx;def;odl;idl;hpj;bat;asm;asmx</Extensions>
    </Filter>
    <Filter Include="Header Files">
      <UniqueIdentifier>{93995380-89BD-4b04-88EB-625FBE52EBFB}</UniqueIdentifier>
      <Extensions>h;hh;hpp;hxx;hm;inl;inc;xsd</Extensions>
    </Filter>
    <Filter Include="Resource Files">
      <UniqueIdentifier>{67DA6AB6-F800-4c08-8B7A-83BB121AAD01}</UniqueIdentifier>
      <Extensions>rc;ico;cur;bmp;dlg;rc2;rct;bin;rgs;gif;jpg;jpeg;jpe;resx;tiff;tif;png;wav;mfcribbon-ms</Extensions>
    </Filter>
    <Filter Include="Source Files\ImGui">
      <UniqueIdentifier>{ca51c6e6-c534-4c06-a5f4-e2fe822cdc95}</UniqueIdentifier>
    </Filter>
    <Filter Include="Header Files\ImGui">
      <UniqueIdentifier>{73098aa6-7262-455c-ad06-8af47cfc460c}</UniqueIdentifier>
    </Filter>
  </ItemGroup>
  <ItemGroup>
    <ClInclude Include="Overall.hpp">
      <Filter>Header Files</Filter>
    </ClInclude>
    <ClInclude Include="ImGui\imconfig.h">
      <Filter>Header Files\ImGui</Filter>
    </ClInclude>
    <ClInclude Include="ImGui\imconfig-SFML.h">
      <Filter>Header Files\ImGui</Filter>
    </ClInclude>
    <ClInclude Include="ImGui\imgui.h">
      <Filter>Header Files\ImGui</Filter>
    </ClInclude>
    <ClInclude Include="ImGui\imgui_internal.h">
      <Filter>Header Files\ImGui</Filter>
    </ClInclude>
    <ClInclude Include="ImGui\imgui-setup.h">
      <Filter>Header Files\ImGui</Filter>
    </ClInclude>
    <ClInclude Include="ImGui\imgui-SFML.h">
      <Filter>Header Files\ImGui</Filter>
    </ClInclude>
    <ClInclude Include="ImGui\stb_rect_pack.h">
      <Filter>Header Files\ImGui</Filter>
    </ClInclude>
    <ClInclude Include="ImGui\stb_textedit.h">
      <Filter>Header Files\ImGui</Filter>
    </ClInclude>
    <ClInclude Include="ImGui\stb_truetype.h">
      <Filter>Header Files\ImGui</Filter>
    </ClInclude>
  </ItemGroup>
  <ItemGroup>
    <ClCompile Include="ExampleStarter.cpp">
      <Filter>Source Files</Filter>
    </ClCompile>
    <ClCompile Include="Sandbox.cpp">
      <Filter>Source Files</Filter>
    </ClCompile>
    <ClCompile Include="20171109-CodeSubmit.cpp">
      <Filter>Source Files</Filter>
    </ClCompile>
    <ClCompile Include="20171109-CodeGenerator.cpp">
      <Filter>Source Files</Filter>
    </ClCompile>
    <ClCompile Include="Config.cpp">
      <Filter>Source Files</Filter>
    </ClCompile>
    <ClCompile Include="20180316-PiGraphics.cpp">
      <Filter>Source Files</Filter>
    </ClCompile>
    <ClCompile Include="ImGui\imgui.cpp">
      <Filter>Source Files\ImGui</Filter>
    </ClCompile>
    <ClCompile Include="ImGui\imgui_demo.cpp">
      <Filter>Source Files\ImGui</Filter>
    </ClCompile>
    <ClCompile Include="ImGui\imgui_draw.cpp">
      <Filter>Source Files\ImGui</Filter>
    </ClCompile>
    <ClCompile Include="ImGui\imgui-SFML.cpp">
      <Filter>Source Files\ImGui</Filter>
    </ClCompile>
    <ClCompile Include="20180527-ImplFinder.cpp">
      <Filter>Source Files</Filter>
    </ClCompile>
    <ClCompile Include="20180626-CodeGenerator-ImGui.cpp">
      <Filter>Source Files</Filter>
    </ClCompile>
    <ClCompile Include="20180701-luogu3369.cpp">
      <Filter>Source Files</Filter>
    </ClCompile>
    <ClCompile Include="20180701-luogu3381.cpp">
      <Filter>Source Files</Filter>
    </ClCompile>
    <ClCompile Include="20180701-luogu3384.cpp">
      <Filter>Source Files</Filter>
    </ClCompile>
    <ClCompile Include="20180702-luogu1231.cpp">
      <Filter>Source Files</Filter>
    </ClCompile>
    <ClCompile Include="20180702-luogu4016.cpp">
      <Filter>Source Files</Filter>
    </ClCompile>
    <ClCompile Include="20180702-luogu2146.cpp">
      <Filter>Source Files</Filter>
    </ClCompile>
    <ClCompile Include="20180702-luogu2055.cpp">
      <Filter>Source Files</Filter>
    </ClCompile>
    <ClCompile Include="20180704-luogu3379.cpp">
      <Filter>Source Files</Filter>
    </ClCompile>
    <ClCompile Include="20180704-luogu3391.cpp">
      <Filter>Source Files</Filter>
    </ClCompile>
    <ClCompile Include="20180704-luogu3369.cpp">
      <Filter>Source Files</Filter>
    </ClCompile>
    <ClCompile Include="20180705-luogu1967.cpp">
      <Filter>Source Files</Filter>
    </ClCompile>
    <ClCompile Include="20180706-CF1004A.cpp">
      <Filter>Source Files</Filter>
    </ClCompile>
    <ClCompile Include="20180706-CF10004C.cpp">
      <Filter>Source Files</Filter>
    </ClCompile>
    <ClCompile Include="20180708-luogu3379.cpp">
      <Filter>Source Files</Filter>
    </ClCompile>
    <ClCompile Include="20180708-luogu3373.cpp">
      <Filter>Source Files</Filter>
    </ClCompile>
    <ClCompile Include="20180710-luogu1967.cpp">
      <Filter>Source Files</Filter>
    </ClCompile>
    <ClCompile Include="20180711-luogu1197.cpp">
      <Filter>Source Files</Filter>
    </ClCompile>
    <ClCompile Include="20180711-luogu3387.cpp">
      <Filter>Source Files</Filter>
    </ClCompile>
    <ClCompile Include="20180712-bnds0313.cpp">
      <Filter>Source Files</Filter>
    </ClCompile>
    <ClCompile Include="20180712-bnds0124.cpp">
      <Filter>Source Files</Filter>
    </ClCompile>
    <ClCompile Include="20180712-bnds0324.cpp">
      <Filter>Source Files</Filter>
    </ClCompile>
    <ClCompile Include="20180712-bnds0120.cpp">
      <Filter>Source Files</Filter>
    </ClCompile>
    <ClCompile Include="20180713-bnds0133.cpp">
      <Filter>Source Files</Filter>
    </ClCompile>
    <ClCompile Include="20180713-bnds0128.cpp">
      <Filter>Source Files</Filter>
    </ClCompile>
    <ClCompile Include="20180713-bnds0126.cpp">
      <Filter>Source Files</Filter>
    </ClCompile>
    <ClCompile Include="20180713-bnds0557.cpp">
      <Filter>Source Files</Filter>
    </ClCompile>
    <ClCompile Include="20180714-poj1475.cpp">
      <Filter>Source Files</Filter>
    </ClCompile>
    <ClCompile Include="20180715-bnds0721-test-0.cpp">
      <Filter>Source Files</Filter>
    </ClCompile>
    <ClCompile Include="20180715-bnds0723-test.cpp">
      <Filter>Source Files</Filter>
    </ClCompile>
    <ClCompile Include="20180715-bnds0722.cpp">
      <Filter>Source Files</Filter>
    </ClCompile>
    <ClCompile Include="20180715-bnds0722-after.cpp">
      <Filter>Source Files</Filter>
    </ClCompile>
    <ClCompile Include="20180715-bnds0322.cpp">
      <Filter>Source Files</Filter>
    </ClCompile>
    <ClCompile Include="20180715-bnds0326.cpp">
      <Filter>Source Files</Filter>
    </ClCompile>
    <ClCompile Include="20180715-bnds0328.cpp">
      <Filter>Source Files</Filter>
    </ClCompile>
    <ClCompile Include="20180715-bnds0325.cpp">
      <Filter>Source Files</Filter>
    </ClCompile>
    <ClCompile Include="20180716-luoguU30363.cpp">
      <Filter>Source Files</Filter>
    </ClCompile>
    <ClCompile Include="20180716-bnds0327.cpp">
      <Filter>Source Files</Filter>
    </ClCompile>
    <ClCompile Include="20180716-luogu3371.cpp">
      <Filter>Source Files</Filter>
    </ClCompile>
    <ClCompile Include="20180716-bnds0719.cpp">
      <Filter>Source Files</Filter>
    </ClCompile>
    <ClCompile Include="20180716-bnds0197.cpp">
      <Filter>Source Files</Filter>
    </ClCompile>
    <ClCompile Include="20180716-bnds0200.cpp">
      <Filter>Source Files</Filter>
    </ClCompile>
    <ClCompile Include="20180717-luogu4752.cpp">
      <Filter>Source Files</Filter>
    </ClCompile>
    <ClCompile Include="20180717-luogu3701.cpp">
      <Filter>Source Files</Filter>
    </ClCompile>
    <ClCompile Include="20180717-luogu4754.cpp">
      <Filter>Source Files</Filter>
    </ClCompile>
    <ClCompile Include="20180717-luogu3401.cpp">
      <Filter>Source Files</Filter>
    </ClCompile>
    <ClCompile Include="20180718-noi2018-return.cpp">
      <Filter>Source Files</Filter>
    </ClCompile>
    <ClCompile Include="20180718-luogu1113.cpp">
      <Filter>Source Files</Filter>
    </ClCompile>
    <ClCompile Include="20180718-bnds0613.cpp">
      <Filter>Source Files</Filter>
    </ClCompile>
    <ClCompile Include="20180719-luogu2005.cpp">
      <Filter>Source Files</Filter>
    </ClCompile>
    <ClCompile Include="20180719-luogu2341.cpp">
      <Filter>Source Files</Filter>
    </ClCompile>
    <ClCompile Include="20180720-luogu2482.cpp">
      <Filter>Source Files</Filter>
    </ClCompile>
    <ClCompile Include="20180720-luogu2786.cpp">
      <Filter>Source Files</Filter>
    </ClCompile>
    <ClCompile Include="20180720-luogu3203.cpp">
      <Filter>Source Files</Filter>
    </ClCompile>
    <ClCompile Include="20180721-luogu1073.cpp">
      <Filter>Source Files</Filter>
    </ClCompile>
    <ClCompile Include="20180721-luogu3241.cpp">
      <Filter>Source Files</Filter>
    </ClCompile>
    <ClCompile Include="20180722-uoj0009.cpp">
      <Filter>Source Files</Filter>
    </ClCompile>
    <ClCompile Include="20180722-luogu1875.cpp">
      <Filter>Source Files</Filter>
    </ClCompile>
    <ClCompile Include="20180722-luogu1608.cpp">
      <Filter>Source Files</Filter>
    </ClCompile>
    <ClCompile Include="20180722-luogu3376.cpp">
      <Filter>Source Files</Filter>
    </ClCompile>
    <ClCompile Include="20180722-luogu2763.cpp">
      <Filter>Source Files</Filter>
    </ClCompile>
    <ClCompile Include="20180722-luogu1402.cpp">
      <Filter>Source Files</Filter>
    </ClCompile>
    <ClCompile Include="20180722-luogu2711.cpp">
      <Filter>Source Files</Filter>
    </ClCompile>
    <ClCompile Include="20180722-luogu3381.cpp">
      <Filter>Source Files</Filter>
    </ClCompile>
    <ClCompile Include="20180723-luogu3369.cpp">
      <Filter>Source Files</Filter>
    </ClCompile>
    <ClCompile Include="20180723-luogu2604.cpp">
      <Filter>Source Files</Filter>
    </ClCompile>
    <ClCompile Include="20180723-luogu2944.cpp">
      <Filter>Source Files</Filter>
    </ClCompile>
    <ClCompile Include="20180724-luogu3391.cpp">
      <Filter>Source Files</Filter>
    </ClCompile>
    <ClCompile Include="20180724-luogu2146.cpp">
      <Filter>Source Files</Filter>
    </ClCompile>
    <ClCompile Include="20180724-luogu3834.cpp">
      <Filter>Source Files</Filter>
    </ClCompile>
    <ClCompile Include="20180725-luogu2746.cpp">
      <Filter>Source Files</Filter>
    </ClCompile>
    <ClCompile Include="20180725-luogu2936.cpp">
      <Filter>Source Files</Filter>
    </ClCompile>
    <ClCompile Include="20180725-screen.cpp">
      <Filter>Source Files</Filter>
    </ClCompile>
    <ClCompile Include="20180725-screen-client.cpp">
      <Filter>Source Files</Filter>
    </ClCompile>
    <ClCompile Include="20180726-luogu4525.cpp">
      <Filter>Source Files</Filter>
    </ClCompile>
    <ClCompile Include="20180726-luogu4526.cpp">
      <Filter>Source Files</Filter>
    </ClCompile>
    <ClCompile Include="20180726-luogu4781.cpp">
      <Filter>Source Files</Filter>
    </ClCompile>
    <ClCompile Include="20180727-luogu3865.cpp">
      <Filter>Source Files</Filter>
    </ClCompile>
    <ClCompile Include="20180727-luogu1919.cpp">
      <Filter>Source Files</Filter>
    </ClCompile>
    <ClCompile Include="20180728-luogu4722.cpp">
      <Filter>Source Files</Filter>
    </ClCompile>
    <ClCompile Include="20180728-luogu2774.cpp">
      <Filter>Source Files</Filter>
    </ClCompile>
    <ClCompile Include="20180728-luogu3811.cpp">
      <Filter>Source Files</Filter>
    </ClCompile>
    <ClCompile Include="20180728-luogu2613.cpp">
      <Filter>Source Files</Filter>
    </ClCompile>
    <ClCompile Include="20180729-luoguT24410.cpp">
      <Filter>Source Files</Filter>
    </ClCompile>
    <ClCompile Include="20180729-luoguT25796.cpp">
      <Filter>Source Files</Filter>
    </ClCompile>
    <ClCompile Include="20180729-luogu3373.cpp">
      <Filter>Source Files</Filter>
    </ClCompile>
    <ClCompile Include="20180730-luogu3384.cpp">
      <Filter>Source Files</Filter>
    </ClCompile>
    <ClCompile Include="20180730-luogu1251.cpp">
      <Filter>Source Files</Filter>
    </ClCompile>
    <ClCompile Include="20180730-luoguT33689.cpp">
      <Filter>Source Files</Filter>
    </ClCompile>
    <ClCompile Include="20180731-luogu2057.cpp">
      <Filter>Source Files</Filter>
    </ClCompile>
    <ClCompile Include="20180731-luogu2045.cpp">
      <Filter>Source Files</Filter>
    </ClCompile>
    <ClCompile Include="20180731-luogu3171.cpp">
      <Filter>Source Files</Filter>
    </ClCompile>
    <ClCompile Include="20180801-luogu2754.cpp">
      <Filter>Source Files</Filter>
    </ClCompile>
    <ClCompile Include="20180803-luoguT39604.cpp">
      <Filter>Source Files</Filter>
    </ClCompile>
    <ClCompile Include="20180803-luoguU34195.cpp">
      <Filter>Source Files</Filter>
    </ClCompile>
    <ClCompile Include="20180803-DataGenerator.cpp">
      <Filter>Source Files</Filter>
    </ClCompile>
    <ClCompile Include="20180804-luogu3807.cpp">
      <Filter>Source Files</Filter>
    </ClCompile>
    <ClCompile Include="20180805-luogu3178.cpp">
      <Filter>Source Files</Filter>
    </ClCompile>
    <ClCompile Include="20180806-luogu1024.cpp">
      <Filter>Source Files</Filter>
    </ClCompile>
    <ClCompile Include="20180806-uoj098.cpp">
      <Filter>Source Files</Filter>
    </ClCompile>
    <ClCompile Include="20180806-assembly-int.cpp">
      <Filter>Source Files</Filter>
    </ClCompile>
    <ClCompile Include="20180807-bnds0292.cpp">
      <Filter>Source Files</Filter>
    </ClCompile>
    <ClCompile Include="20180807-bnds0736.cpp">
      <Filter>Source Files</Filter>
    </ClCompile>
    <ClCompile Include="20180808-bnds0745.cpp">
      <Filter>Source Files</Filter>
    </ClCompile>
    <ClCompile Include="20180808-bnds0744.cpp">
      <Filter>Source Files</Filter>
    </ClCompile>
    <ClCompile Include="20180808-bnds0743.cpp">
      <Filter>Source Files</Filter>
    </ClCompile>
    <ClCompile Include="20180808-bnds0164.cpp">
      <Filter>Source Files</Filter>
    </ClCompile>
    <ClCompile Include="20180808-bnds0445.cpp">
      <Filter>Source Files</Filter>
    </ClCompile>
    <ClCompile Include="20180809-bnds0735.cpp">
      <Filter>Source Files</Filter>
    </ClCompile>
    <ClCompile Include="20180810-bnds0228.cpp">
      <Filter>Source Files</Filter>
    </ClCompile>
    <ClCompile Include="20180810-bnds0747.cpp">
      <Filter>Source Files</Filter>
    </ClCompile>
    <ClCompile Include="20180810-luogu3808.cpp">
      <Filter>Source Files</Filter>
    </ClCompile>
    <ClCompile Include="20180811-luoguU34065.cpp">
      <Filter>Source Files</Filter>
    </ClCompile>
    <ClCompile Include="20180811-ktx65-datagen.cpp">
      <Filter>Source Files</Filter>
    </ClCompile>
    <ClCompile Include="20180811-ktx65-std.cpp">
      <Filter>Source Files</Filter>
    </ClCompile>
    <ClCompile Include="20180811-bnds0747.cpp">
      <Filter>Source Files</Filter>
    </ClCompile>
    <ClCompile Include="20180811-bnds0222.cpp">
      <Filter>Source Files</Filter>
    </ClCompile>
    <ClCompile Include="20180811-bnds0756.cpp">
      <Filter>Source Files</Filter>
    </ClCompile>
    <ClCompile Include="20180812-bnds0759.cpp">
      <Filter>Source Files</Filter>
    </ClCompile>
    <ClCompile Include="20180812-bnds0758.cpp">
      <Filter>Source Files</Filter>
    </ClCompile>
    <ClCompile Include="20180812-bnds0760.cpp">
      <Filter>Source Files</Filter>
    </ClCompile>
    <ClCompile Include="20180812-bnds0760-2.cpp">
      <Filter>Source Files</Filter>
    </ClCompile>
    <ClCompile Include="20180813-bnds0767.cpp">
      <Filter>Source Files</Filter>
    </ClCompile>
    <ClCompile Include="20180813-bnds0769.cpp">
      <Filter>Source Files</Filter>
    </ClCompile>
    <ClCompile Include="20180813-luogu3796.cpp">
      <Filter>Source Files</Filter>
    </ClCompile>
    <ClCompile Include="20180814-bnds0760.cpp">
      <Filter>Source Files</Filter>
    </ClCompile>
    <ClCompile Include="20180815-bnds0780.cpp">
      <Filter>Source Files</Filter>
    </ClCompile>
    <ClCompile Include="20180815-bnds779.cpp">
      <Filter>Source Files</Filter>
    </ClCompile>
    <ClCompile Include="20180815-bnds0778.cpp">
      <Filter>Source Files</Filter>
    </ClCompile>
    <ClCompile Include="20180816-FilePacker.cpp">
      <Filter>Source Files</Filter>
    </ClCompile>
    <ClCompile Include="20180816-bnds0769.cpp">
      <Filter>Source Files</Filter>
    </ClCompile>
    <ClCompile Include="20180816-bnds0782.cpp">
      <Filter>Source Files</Filter>
    </ClCompile>
    <ClCompile Include="20180816-bnds0781.cpp">
      <Filter>Source Files</Filter>
    </ClCompile>
    <ClCompile Include="20180816-luogu3369.cpp">
      <Filter>Source Files</Filter>
    </ClCompile>
    <ClCompile Include="20180817-luogu4782.cpp">
      <Filter>Source Files</Filter>
    </ClCompile>
    <ClCompile Include="20180824-luogu3960.cpp">
      <Filter>Source Files</Filter>
    </ClCompile>
    <ClCompile Include="20180825-luogu3690.cpp">
      <Filter>Source Files</Filter>
    </ClCompile>
    <ClCompile Include="20180826-luogup3690.cpp">
      <Filter>Source Files</Filter>
    </ClCompile>
    <ClCompile Include="20180826-luogu3369.cpp">
      <Filter>Source Files</Filter>
    </ClCompile>
    <ClCompile Include="20180827-luogu3690.cpp">
      <Filter>Source Files</Filter>
    </ClCompile>
    <ClCompile Include="20180828-bnds0809.cpp">
      <Filter>Source Files</Filter>
    </ClCompile>
    <ClCompile Include="20180828-bnds0810.cpp">
      <Filter>Source Files</Filter>
    </ClCompile>
    <ClCompile Include="20180828-bnds0811.cpp">
      <Filter>Source Files</Filter>
    </ClCompile>
    <ClCompile Include="20180828-luogu3366.cpp">
      <Filter>Source Files</Filter>
    </ClCompile>
    <ClCompile Include="20180829-luogu3690.cpp">
      <Filter>Source Files</Filter>
    </ClCompile>
    <ClCompile Include="20180830-bnds0260.cpp">
      <Filter>Source Files</Filter>
    </ClCompile>
    <ClCompile Include="20180831-problem2.cpp">
      <Filter>Source Files</Filter>
    </ClCompile>
    <ClCompile Include="20180831-problem3.cpp">
      <Filter>Source Files</Filter>
    </ClCompile>
    <ClCompile Include="20180831-bnds0506.cpp">
      <Filter>Source Files</Filter>
    </ClCompile>
    <ClCompile Include="20180901-bnds0823.cpp">
      <Filter>Source Files</Filter>
    </ClCompile>
    <ClCompile Include="20180901-bnds0829.cpp">
      <Filter>Source Files</Filter>
    </ClCompile>
    <ClCompile Include="20180902-bnds0305.cpp">
      <Filter>Source Files</Filter>
    </ClCompile>
    <ClCompile Include="20180902-bnds0812.cpp">
      <Filter>Source Files</Filter>
    </ClCompile>
    <ClCompile Include="20180902-luogu1850.cpp">
      <Filter>Source Files</Filter>
    </ClCompile>
    <ClCompile Include="20180904-luogu2877.cpp">
      <Filter>Source Files</Filter>
    </ClCompile>
    <ClCompile Include="20180904-bnds0294.cpp">
      <Filter>Source Files</Filter>
    </ClCompile>
    <ClCompile Include="20180904-bnds0805.cpp">
      <Filter>Source Files</Filter>
    </ClCompile>
    <ClCompile Include="20180906-now185A.cpp">
      <Filter>Source Files</Filter>
    </ClCompile>
    <ClCompile Include="20180906-now185B.cpp">
      <Filter>Source Files</Filter>
    </ClCompile>
    <ClCompile Include="20180906-FileServer.cpp">
      <Filter>Source Files</Filter>
    </ClCompile>
    <ClCompile Include="20180907-FileClient.cpp">
      <Filter>Source Files</Filter>
    </ClCompile>
    <ClCompile Include="20180907-luogu3953.cpp">
      <Filter>Source Files</Filter>
    </ClCompile>
    <ClCompile Include="20180909-now172A.cpp">
      <Filter>Source Files</Filter>
    </ClCompile>
    <ClCompile Include="20180909-now172B.cpp">
      <Filter>Source Files</Filter>
    </ClCompile>
    <ClCompile Include="20180909-luogu3690.cpp">
      <Filter>Source Files</Filter>
    </ClCompile>
    <ClCompile Include="20180909-CodeSignatureToggle.cpp">
      <Filter>Source Files</Filter>
    </ClCompile>
    <ClCompile Include="20180909-now172A-.cpp">
      <Filter>Source Files</Filter>
    </ClCompile>
    <ClCompile Include="20180911-luogu3376.cpp">
      <Filter>Source Files</Filter>
    </ClCompile>
    <ClCompile Include="20180911-luogu3376-.cpp">
      <Filter>Source Files</Filter>
    </ClCompile>
    <ClCompile Include="20180914-luogu3178.cpp">
      <Filter>Source Files</Filter>
    </ClCompile>
    <ClCompile Include="20180914-luogu2147.cpp">
      <Filter>Source Files</Filter>
    </ClCompile>
    <ClCompile Include="20180914-luogu2590.cpp">
      <Filter>Source Files</Filter>
    </ClCompile>
    <ClCompile Include="20180916-now173A.cpp">
      <Filter>Source Files</Filter>
    </ClCompile>
    <ClCompile Include="20180916-now173C.cpp">
      <Filter>Source Files</Filter>
    </ClCompile>
    <ClCompile Include="20180916-now173B.cpp">
      <Filter>Source Files</Filter>
    </ClCompile>
    <ClCompile Include="20180918-luogu2822.cpp">
      <Filter>Source Files</Filter>
    </ClCompile>
    <ClCompile Include="20180918-luogu2827.cpp">
      <Filter>Source Files</Filter>
    </ClCompile>
    <ClCompile Include="20180919-luogu2486.cpp">
      <Filter>Source Files</Filter>
    </ClCompile>
    <ClCompile Include="20180920-bnds0774.cpp">
      <Filter>Source Files</Filter>
    </ClCompile>
    <ClCompile Include="20180920-bnds0752.cpp">
      <Filter>Source Files</Filter>
    </ClCompile>
    <ClCompile Include="20180923-now174B.cpp">
      <Filter>Source Files</Filter>
    </ClCompile>
    <ClCompile Include="20180923-bnds0193.cpp">
      <Filter>Source Files</Filter>
    </ClCompile>
    <ClCompile Include="20180923-bnds0337.cpp">
      <Filter>Source Files</Filter>
    </ClCompile>
    <ClCompile Include="20180924-luogu3953.cpp">
      <Filter>Source Files</Filter>
    </ClCompile>
    <ClCompile Include="20180925-luogu3959.cpp">
      <Filter>Source Files</Filter>
    </ClCompile>
    <ClCompile Include="20180925-luogu3959-.cpp">
      <Filter>Source Files</Filter>
    </ClCompile>
    <ClCompile Include="20180926-bnds0769.cpp">
      <Filter>Source Files</Filter>
    </ClCompile>
    <ClCompile Include="20180926-bnds0770.cpp">
      <Filter>Source Files</Filter>
    </ClCompile>
    <ClCompile Include="20181001-luogu0228.cpp">
      <Filter>Source Files</Filter>
    </ClCompile>
    <ClCompile Include="20181002-bndsoj0454.cpp">
      <Filter>Source Files</Filter>
    </ClCompile>
    <ClCompile Include="20181002-bnds0777.cpp">
      <Filter>Source Files</Filter>
    </ClCompile>
    <ClCompile Include="20181002-bnds0804.cpp">
      <Filter>Source Files</Filter>
    </ClCompile>
    <ClCompile Include="20181003-luogu2312.cpp">
      <Filter>Source Files</Filter>
    </ClCompile>
    <ClCompile Include="20181004-noipT1-Trip.cpp">
      <Filter>Source Files</Filter>
    </ClCompile>
    <ClCompile Include="20181004-noipT2-Cash.cpp">
      <Filter>Source Files</Filter>
    </ClCompile>
    <ClCompile Include="20181004-noipT3-Sum.cpp">
      <Filter>Source Files</Filter>
    </ClCompile>
    <ClCompile Include="20181005-noipT1-Binary.cpp">
      <Filter>Source Files</Filter>
    </ClCompile>
    <ClCompile Include="20181005-noipT2-Sumsum.cpp">
      <Filter>Source Files</Filter>
    </ClCompile>
    <ClCompile Include="20181005-noipT3-Deconstruction.cpp">
      <Filter>Source Files</Filter>
    </ClCompile>
    <ClCompile Include="20181006-noipT1-Game.cpp">
      <Filter>Source Files</Filter>
    </ClCompile>
    <ClCompile Include="20181006-noipT3-Phantom.cpp">
      <Filter>Source Files</Filter>
    </ClCompile>
    <ClCompile Include="20181006-noipT2-Vegetable.cpp">
      <Filter>Source Files</Filter>
    </ClCompile>
    <ClCompile Include="20181006-luogu3690.cpp">
      <Filter>Source Files</Filter>
    </ClCompile>
    <ClCompile Include="20181010-luogu3834.cpp">
      <Filter>Source Files</Filter>
    </ClCompile>
    <ClCompile Include="20181010-luogu3690.cpp">
      <Filter>Source Files</Filter>
    </ClCompile>
    <ClCompile Include="20181011-luogu3376.cpp">
      <Filter>Source Files</Filter>
    </ClCompile>
    <ClCompile Include="20181011-luogu3381.cpp">
      <Filter>Source Files</Filter>
    </ClCompile>
    <ClCompile Include="20181011-luogu3384.cpp">
      <Filter>Source Files</Filter>
    </ClCompile>
    <ClCompile Include="20181011-luogu3384-.cpp">
      <Filter>Source Files</Filter>
    </ClCompile>
    <ClCompile Include="20181012-luogu3369.cpp">
      <Filter>Source Files</Filter>
    </ClCompile>
    <ClCompile Include="20181014-noipT1-Tree.cpp">
      <Filter>Source Files</Filter>
    </ClCompile>
    <ClCompile Include="20181014-noipT2-Account.cpp">
      <Filter>Source Files</Filter>
    </ClCompile>
    <ClCompile Include="20181014-noipT3-Information.cpp">
      <Filter>Source Files</Filter>
    </ClCompile>
    <ClCompile Include="20181015-noipT2-Darksoul.cpp">
      <Filter>Source Files</Filter>
    </ClCompile>
    <ClCompile Include="20181015-noipT1-AC.cpp">
      <Filter>Source Files</Filter>
    </ClCompile>
    <ClCompile Include="20181015-luogu3690.cpp">
      <Filter>Source Files</Filter>
    </ClCompile>
    <ClCompile Include="20181015-luogu3690-.cpp">
      <Filter>Source Files</Filter>
    </ClCompile>
    <ClCompile Include="20181016-noipT1-QingGong.cpp">
      <Filter>Source Files</Filter>
    </ClCompile>
    <ClCompile Include="20181016-noipT2-KaiHuang.cpp">
      <Filter>Source Files</Filter>
    </ClCompile>
    <ClCompile Include="20181016-noipT3-PaoShang.cpp">
      <Filter>Source Files</Filter>
    </ClCompile>
    <ClCompile Include="20181016-noipT2-.cpp">
      <Filter>Source Files</Filter>
    </ClCompile>
    <ClCompile Include="20181016-noipT1-.cpp">
      <Filter>Source Files</Filter>
    </ClCompile>
    <ClCompile Include="20181017-noip1015T3-Portal.cpp">
      <Filter>Source Files</Filter>
    </ClCompile>
    <ClCompile Include="20181017-noip1015T1-AC.cpp">
      <Filter>Source Files</Filter>
    </ClCompile>
    <ClCompile Include="20181020-luogu3834.cpp">
      <Filter>Source Files</Filter>
    </ClCompile>
    <ClCompile Include="20181020-luogu3369.cpp">
      <Filter>Source Files</Filter>
    </ClCompile>
    <ClCompile Include="20181021-luogu3369.cpp">
      <Filter>Source Files</Filter>
    </ClCompile>
    <ClCompile Include="20181024-luogu1508.cpp">
      <Filter>Source Files</Filter>
    </ClCompile>
    <ClCompile Include="20181024-luogu1006.cpp">
      <Filter>Source Files</Filter>
    </ClCompile>
    <ClCompile Include="20181024-luogu1052.cpp">
      <Filter>Source Files</Filter>
    </ClCompile>
    <ClCompile Include="20181025-noipT1-colour.cpp">
      <Filter>Source Files</Filter>
    </ClCompile>
    <ClCompile Include="20181025-noipT3-game.cpp">
      <Filter>Source Files</Filter>
    </ClCompile>
    <ClCompile Include="20181025-noipT1-.cpp">
      <Filter>Source Files</Filter>
    </ClCompile>
    <ClCompile Include="20181026-noipT3-pigeon.cpp">
      <Filter>Source Files</Filter>
    </ClCompile>
    <ClCompile Include="20181026-noipT2-center.cpp">
      <Filter>Source Files</Filter>
    </ClCompile>
    <ClCompile Include="20181026-noipT1-inverse.cpp">
      <Filter>Source Files</Filter>
    </ClCompile>
    <ClCompile Include="20181026-noipT1-.cpp">
      <Filter>Source Files</Filter>
    </ClCompile>
    <ClCompile Include="20181102-luogu1220.cpp">
      <Filter>Source Files</Filter>
    </ClCompile>
    <ClCompile Include="20181102-luogu1005.cpp">
      <Filter>Source Files</Filter>
    </ClCompile>
    <ClCompile Include="20181103-luogu2661.cpp">
      <Filter>Source Files</Filter>
    </ClCompile>
    <ClCompile Include="20181103-luogu1313.cpp">
      <Filter>Source Files</Filter>
    </ClCompile>
    <ClCompile Include="20181103-luogu1134.cpp">
      <Filter>Source Files</Filter>
    </ClCompile>
    <ClCompile Include="20181103-luogu1736.cpp">
      <Filter>Source Files</Filter>
    </ClCompile>
    <ClCompile Include="20181103-luogu2279.cpp">
      <Filter>Source Files</Filter>
    </ClCompile>
    <ClCompile Include="20181104-luogu1941.cpp">
      <Filter>Source Files</Filter>
    </ClCompile>
    <ClCompile Include="20181104-luogu2679.cpp">
      <Filter>Source Files</Filter>
    </ClCompile>
    <ClCompile Include="20181105-luogu1966.cpp">
      <Filter>Source Files</Filter>
    </ClCompile>
    <ClCompile Include="20181106-luogu3379.cpp">
      <Filter>Source Files</Filter>
    </ClCompile>
    <ClCompile Include="20181106-luogu3379-.cpp">
      <Filter>Source Files</Filter>
    </ClCompile>
    <ClCompile Include="20181110-noipt1.cpp">
      <Filter>Source Files</Filter>
    </ClCompile>
    <ClCompile Include="20181110-noipt2.cpp">
      <Filter>Source Files</Filter>
    </ClCompile>
    <ClCompile Include="20181111-luogu1137.cpp">
      <Filter>Source Files</Filter>
    </ClCompile>
    <ClCompile Include="20181111-luogu1879.cpp">
      <Filter>Source Files</Filter>
    </ClCompile>
    <ClCompile Include="20181112-luogu1169.cpp">
      <Filter>Source Files</Filter>
    </ClCompile>
    <ClCompile Include="20181027-luogu3690.cpp">
      <Filter>Source Files</Filter>
    </ClCompile>
    <ClCompile Include="20181115-BuildCounter.cpp">
      <Filter>Source Files</Filter>
    </ClCompile>
    <ClCompile Include="20181116-luogu1029.cpp">
      <Filter>Source Files</Filter>
    </ClCompile>
    <ClCompile Include="20181116-luogu1057.cpp">
      <Filter>Source Files</Filter>
    </ClCompile>
    <ClCompile Include="20181116-luogu1216.cpp">
      <Filter>Source Files</Filter>
    </ClCompile>
    <ClCompile Include="20181116-luogu1282.cpp">
      <Filter>Source Files</Filter>
    </ClCompile>
    <ClCompile Include="20181117-luogu1865.cpp">
      <Filter>Source Files</Filter>
    </ClCompile>
    <ClCompile Include="20181117-luogu1372.cpp">
      <Filter>Source Files</Filter>
    </ClCompile>
    <ClCompile Include="20181117-luogu1582.cpp">
      <Filter>Source Files</Filter>
    </ClCompile>
    <ClCompile Include="20181117-luogu5021.cpp">
      <Filter>Source Files</Filter>
    </ClCompile>
    <ClCompile Include="20181117-luogu1352.cpp">
      <Filter>Source Files</Filter>
    </ClCompile>
    <ClCompile Include="20181120-luogu4768.cpp">
      <Filter>Source Files</Filter>
    </ClCompile>
    <ClCompile Include="20181128-bnds1011.cpp">
      <Filter>Source Files</Filter>
    </ClCompile>
  </ItemGroup>
</Project>